
Microsoft Visual Studio Solution File, Format Version 11.00
# Visual Studio 2010
Project("{FAE04EC0-301F-11D3-BF4B-00C04F79EFBC}") = "Bddify", "Bddify\Bddify.csproj", "{DA6BCB39-307C-4A8E-9A3A-27BB2DBC44A3}"
EndProject
Project("{2150E333-8FDC-42A3-9474-1A3956D46DE8}") = "Sample", "Sample", "{A2D93D10-EAF2-4B04-9A19-128625991830}"
EndProject
Project("{FAE04EC0-301F-11D3-BF4B-00C04F79EFBC}") = "SystemUnderTest", "Sample\SystemUnderTest\SystemUnderTest.csproj", "{915CBB8A-429A-4BF6-89BF-ACC599791FE1}"
EndProject
Project("{FAE04EC0-301F-11D3-BF4B-00C04F79EFBC}") = "SutBehaviors", "Sample\SutBehaviors\SutBehaviors.csproj", "{02FF30E2-ED16-4668-8883-D897099A011F}"
EndProject
Project("{FAE04EC0-301F-11D3-BF4B-00C04F79EFBC}") = "Bddify.Tests", "Bddify.Tests\Bddify.Tests.csproj", "{357B22FF-84E9-4AB4-AADF-6B9DBB76FB32}"
EndProject
Global
	GlobalSection(SolutionConfigurationPlatforms) = preSolution
		Debug|Any CPU = Debug|Any CPU
		Debug|Mixed Platforms = Debug|Mixed Platforms
		Debug|x86 = Debug|x86
		Release|Any CPU = Release|Any CPU
		Release|Mixed Platforms = Release|Mixed Platforms
		Release|x86 = Release|x86
	EndGlobalSection
	GlobalSection(ProjectConfigurationPlatforms) = postSolution
		{DA6BCB39-307C-4A8E-9A3A-27BB2DBC44A3}.Debug|Any CPU.ActiveCfg = Debug|Any CPU
		{DA6BCB39-307C-4A8E-9A3A-27BB2DBC44A3}.Debug|Any CPU.Build.0 = Debug|Any CPU
		{DA6BCB39-307C-4A8E-9A3A-27BB2DBC44A3}.Debug|Mixed Platforms.ActiveCfg = Debug|Any CPU
		{DA6BCB39-307C-4A8E-9A3A-27BB2DBC44A3}.Debug|Mixed Platforms.Build.0 = Debug|Any CPU
		{DA6BCB39-307C-4A8E-9A3A-27BB2DBC44A3}.Debug|x86.ActiveCfg = Debug|Any CPU
		{DA6BCB39-307C-4A8E-9A3A-27BB2DBC44A3}.Release|Any CPU.ActiveCfg = Release|Any CPU
		{DA6BCB39-307C-4A8E-9A3A-27BB2DBC44A3}.Release|Any CPU.Build.0 = Release|Any CPU
		{DA6BCB39-307C-4A8E-9A3A-27BB2DBC44A3}.Release|Mixed Platforms.ActiveCfg = Release|Any CPU
		{DA6BCB39-307C-4A8E-9A3A-27BB2DBC44A3}.Release|Mixed Platforms.Build.0 = Release|Any CPU
		{DA6BCB39-307C-4A8E-9A3A-27BB2DBC44A3}.Release|x86.ActiveCfg = Release|Any CPU
		{915CBB8A-429A-4BF6-89BF-ACC599791FE1}.Debug|Any CPU.ActiveCfg = Debug|Any CPU
		{915CBB8A-429A-4BF6-89BF-ACC599791FE1}.Debug|Any CPU.Build.0 = Debug|Any CPU
		{915CBB8A-429A-4BF6-89BF-ACC599791FE1}.Debug|Mixed Platforms.ActiveCfg = Debug|Any CPU
		{915CBB8A-429A-4BF6-89BF-ACC599791FE1}.Debug|Mixed Platforms.Build.0 = Debug|Any CPU
		{915CBB8A-429A-4BF6-89BF-ACC599791FE1}.Debug|x86.ActiveCfg = Debug|Any CPU
		{915CBB8A-429A-4BF6-89BF-ACC599791FE1}.Release|Any CPU.ActiveCfg = Release|Any CPU
		{915CBB8A-429A-4BF6-89BF-ACC599791FE1}.Release|Any CPU.Build.0 = Release|Any CPU
		{915CBB8A-429A-4BF6-89BF-ACC599791FE1}.Release|Mixed Platforms.ActiveCfg = Release|Any CPU
		{915CBB8A-429A-4BF6-89BF-ACC599791FE1}.Release|Mixed Platforms.Build.0 = Release|Any CPU
		{915CBB8A-429A-4BF6-89BF-ACC599791FE1}.Release|x86.ActiveCfg = Release|Any CPU
		{02FF30E2-ED16-4668-8883-D897099A011F}.Debug|Any CPU.ActiveCfg = Debug|Any CPU
		{02FF30E2-ED16-4668-8883-D897099A011F}.Debug|Any CPU.Build.0 = Debug|Any CPU
		{02FF30E2-ED16-4668-8883-D897099A011F}.Debug|Mixed Platforms.ActiveCfg = Debug|Any CPU
		{02FF30E2-ED16-4668-8883-D897099A011F}.Debug|Mixed Platforms.Build.0 = Debug|Any CPU
		{02FF30E2-ED16-4668-8883-D897099A011F}.Debug|x86.ActiveCfg = Debug|Any CPU
		{02FF30E2-ED16-4668-8883-D897099A011F}.Release|Any CPU.ActiveCfg = Release|Any CPU
		{02FF30E2-ED16-4668-8883-D897099A011F}.Release|Any CPU.Build.0 = Release|Any CPU
		{02FF30E2-ED16-4668-8883-D897099A011F}.Release|Mixed Platforms.ActiveCfg = Release|Any CPU
		{02FF30E2-ED16-4668-8883-D897099A011F}.Release|Mixed Platforms.Build.0 = Release|Any CPU
		{02FF30E2-ED16-4668-8883-D897099A011F}.Release|x86.ActiveCfg = Release|Any CPU
		{357B22FF-84E9-4AB4-AADF-6B9DBB76FB32}.Debug|Any CPU.ActiveCfg = Debug|Any CPU
		{357B22FF-84E9-4AB4-AADF-6B9DBB76FB32}.Debug|Any CPU.Build.0 = Debug|Any CPU
		{357B22FF-84E9-4AB4-AADF-6B9DBB76FB32}.Debug|Mixed Platforms.ActiveCfg = Debug|Any CPU
		{357B22FF-84E9-4AB4-AADF-6B9DBB76FB32}.Debug|Mixed Platforms.Build.0 = Debug|Any CPU
		{357B22FF-84E9-4AB4-AADF-6B9DBB76FB32}.Debug|x86.ActiveCfg = Debug|Any CPU
		{357B22FF-84E9-4AB4-AADF-6B9DBB76FB32}.Release|Any CPU.ActiveCfg = Release|Any CPU
		{357B22FF-84E9-4AB4-AADF-6B9DBB76FB32}.Release|Any CPU.Build.0 = Release|Any CPU
		{357B22FF-84E9-4AB4-AADF-6B9DBB76FB32}.Release|Mixed Platforms.ActiveCfg = Release|Any CPU
		{357B22FF-84E9-4AB4-AADF-6B9DBB76FB32}.Release|Mixed Platforms.Build.0 = Release|Any CPU
		{357B22FF-84E9-4AB4-AADF-6B9DBB76FB32}.Release|x86.ActiveCfg = Release|Any CPU
	EndGlobalSection
	GlobalSection(SolutionProperties) = preSolution
		HideSolutionNode = FALSE
	EndGlobalSection
	GlobalSection(NestedProjects) = preSolution
		{915CBB8A-429A-4BF6-89BF-ACC599791FE1} = {A2D93D10-EAF2-4B04-9A19-128625991830}
		{02FF30E2-ED16-4668-8883-D897099A011F} = {A2D93D10-EAF2-4B04-9A19-128625991830}
	EndGlobalSection
EndGlobal
