
Microsoft Visual Studio Solution File, Format Version 11.00
# Visual Studio 2010
Project("{FAE04EC0-301F-11D3-BF4B-00C04F79EFBC}") = "Bddify", "Bddify\Bddify.csproj", "{DA6BCB39-307C-4A8E-9A3A-27BB2DBC44A3}"
EndProject
Project("{FAE04EC0-301F-11D3-BF4B-00C04F79EFBC}") = "Bddify.Tests", "Bddify.Tests\Bddify.Tests.csproj", "{357B22FF-84E9-4AB4-AADF-6B9DBB76FB32}"
EndProject
Project("{FAE04EC0-301F-11D3-BF4B-00C04F79EFBC}") = "Bddify.Tests.XUnit", "Bddify.Tests.XUnit\Bddify.Tests.XUnit.csproj", "{C46C2B71-EE10-4C66-8691-AB2392123C6D}"
EndProject
Project("{FAE04EC0-301F-11D3-BF4B-00C04F79EFBC}") = "Bddify.Samples", "Bddify.Samples\Bddify.Samples.csproj", "{9D14B03B-9514-4DD8-9D4B-914A10D7EB59}"
EndProject
Project("{2150E333-8FDC-42A3-9474-1A3956D46DE8}") = "Solution Items", "Solution Items", "{8F515887-AAB5-4873-8BE9-5AB10685EBCB}"
	ProjectSection(SolutionItems) = preProject
		Bddify.build = Bddify.build
		go.cmd = go.cmd
	EndProjectSection
EndProject
Project("{FAE04EC0-301F-11D3-BF4B-00C04F79EFBC}") = "Bddify.Tests.MsTest", "Bddify.Tests.MsTest\Bddify.Tests.MsTest.csproj", "{9C328349-F7BD-49F1-B7A8-EA09AF135D2A}"
EndProject
Global
	GlobalSection(SolutionConfigurationPlatforms) = preSolution
		Debug|Any CPU = Debug|Any CPU
		Debug|Mixed Platforms = Debug|Mixed Platforms
		Debug|x86 = Debug|x86
		Release|Any CPU = Release|Any CPU
		Release|Mixed Platforms = Release|Mixed Platforms
		Release|x86 = Release|x86
		ReleaseNET35|Any CPU = ReleaseNET35|Any CPU
		ReleaseNET35|Mixed Platforms = ReleaseNET35|Mixed Platforms
		ReleaseNET35|x86 = ReleaseNET35|x86
		ReleaseSL4|Any CPU = ReleaseSL4|Any CPU
		ReleaseSL4|Mixed Platforms = ReleaseSL4|Mixed Platforms
		ReleaseSL4|x86 = ReleaseSL4|x86
	EndGlobalSection
	GlobalSection(ProjectConfigurationPlatforms) = postSolution
		{DA6BCB39-307C-4A8E-9A3A-27BB2DBC44A3}.Debug|Any CPU.ActiveCfg = Debug|Any CPU
		{DA6BCB39-307C-4A8E-9A3A-27BB2DBC44A3}.Debug|Any CPU.Build.0 = Debug|Any CPU
		{DA6BCB39-307C-4A8E-9A3A-27BB2DBC44A3}.Debug|Mixed Platforms.ActiveCfg = Debug|Any CPU
		{DA6BCB39-307C-4A8E-9A3A-27BB2DBC44A3}.Debug|Mixed Platforms.Build.0 = Debug|Any CPU
		{DA6BCB39-307C-4A8E-9A3A-27BB2DBC44A3}.Debug|x86.ActiveCfg = Debug|Any CPU
		{DA6BCB39-307C-4A8E-9A3A-27BB2DBC44A3}.Release|Any CPU.ActiveCfg = Release|Any CPU
		{DA6BCB39-307C-4A8E-9A3A-27BB2DBC44A3}.Release|Any CPU.Build.0 = Release|Any CPU
		{DA6BCB39-307C-4A8E-9A3A-27BB2DBC44A3}.Release|Mixed Platforms.ActiveCfg = Release|Any CPU
		{DA6BCB39-307C-4A8E-9A3A-27BB2DBC44A3}.Release|Mixed Platforms.Build.0 = Release|Any CPU
		{DA6BCB39-307C-4A8E-9A3A-27BB2DBC44A3}.Release|x86.ActiveCfg = Release|Any CPU
		{DA6BCB39-307C-4A8E-9A3A-27BB2DBC44A3}.ReleaseNET35|Any CPU.ActiveCfg = ReleaseNET35|Any CPU
		{DA6BCB39-307C-4A8E-9A3A-27BB2DBC44A3}.ReleaseNET35|Any CPU.Build.0 = ReleaseNET35|Any CPU
		{DA6BCB39-307C-4A8E-9A3A-27BB2DBC44A3}.ReleaseNET35|Mixed Platforms.ActiveCfg = ReleaseNET35|Any CPU
		{DA6BCB39-307C-4A8E-9A3A-27BB2DBC44A3}.ReleaseNET35|Mixed Platforms.Build.0 = ReleaseNET35|Any CPU
		{DA6BCB39-307C-4A8E-9A3A-27BB2DBC44A3}.ReleaseNET35|x86.ActiveCfg = ReleaseNET35|Any CPU
		{DA6BCB39-307C-4A8E-9A3A-27BB2DBC44A3}.ReleaseSL4|Any CPU.ActiveCfg = ReleaseSL4|Any CPU
		{DA6BCB39-307C-4A8E-9A3A-27BB2DBC44A3}.ReleaseSL4|Any CPU.Build.0 = ReleaseSL4|Any CPU
		{DA6BCB39-307C-4A8E-9A3A-27BB2DBC44A3}.ReleaseSL4|Mixed Platforms.ActiveCfg = ReleaseSL4|Any CPU
		{DA6BCB39-307C-4A8E-9A3A-27BB2DBC44A3}.ReleaseSL4|Mixed Platforms.Build.0 = ReleaseSL4|Any CPU
		{DA6BCB39-307C-4A8E-9A3A-27BB2DBC44A3}.ReleaseSL4|x86.ActiveCfg = ReleaseSL4|Any CPU
		{357B22FF-84E9-4AB4-AADF-6B9DBB76FB32}.Debug|Any CPU.ActiveCfg = Debug|Any CPU
		{357B22FF-84E9-4AB4-AADF-6B9DBB76FB32}.Debug|Any CPU.Build.0 = Debug|Any CPU
		{357B22FF-84E9-4AB4-AADF-6B9DBB76FB32}.Debug|Mixed Platforms.ActiveCfg = Debug|Any CPU
		{357B22FF-84E9-4AB4-AADF-6B9DBB76FB32}.Debug|Mixed Platforms.Build.0 = Debug|Any CPU
		{357B22FF-84E9-4AB4-AADF-6B9DBB76FB32}.Debug|x86.ActiveCfg = Debug|Any CPU
		{357B22FF-84E9-4AB4-AADF-6B9DBB76FB32}.Release|Any CPU.ActiveCfg = Release|Any CPU
		{357B22FF-84E9-4AB4-AADF-6B9DBB76FB32}.Release|Any CPU.Build.0 = Release|Any CPU
		{357B22FF-84E9-4AB4-AADF-6B9DBB76FB32}.Release|Mixed Platforms.ActiveCfg = Release|Any CPU
		{357B22FF-84E9-4AB4-AADF-6B9DBB76FB32}.Release|Mixed Platforms.Build.0 = Release|Any CPU
		{357B22FF-84E9-4AB4-AADF-6B9DBB76FB32}.Release|x86.ActiveCfg = Release|Any CPU
		{357B22FF-84E9-4AB4-AADF-6B9DBB76FB32}.ReleaseNET35|Any CPU.ActiveCfg = ReleaseNET35|Any CPU
		{357B22FF-84E9-4AB4-AADF-6B9DBB76FB32}.ReleaseNET35|Any CPU.Build.0 = ReleaseNET35|Any CPU
		{357B22FF-84E9-4AB4-AADF-6B9DBB76FB32}.ReleaseNET35|Mixed Platforms.ActiveCfg = ReleaseNET35|Any CPU
		{357B22FF-84E9-4AB4-AADF-6B9DBB76FB32}.ReleaseNET35|Mixed Platforms.Build.0 = ReleaseNET35|Any CPU
		{357B22FF-84E9-4AB4-AADF-6B9DBB76FB32}.ReleaseNET35|x86.ActiveCfg = ReleaseNET35|Any CPU
		{357B22FF-84E9-4AB4-AADF-6B9DBB76FB32}.ReleaseSL4|Any CPU.ActiveCfg = Release|Any CPU
		{357B22FF-84E9-4AB4-AADF-6B9DBB76FB32}.ReleaseSL4|Mixed Platforms.ActiveCfg = Release|Any CPU
		{357B22FF-84E9-4AB4-AADF-6B9DBB76FB32}.ReleaseSL4|x86.ActiveCfg = ReleaseNET35|Any CPU
		{C46C2B71-EE10-4C66-8691-AB2392123C6D}.Debug|Any CPU.ActiveCfg = Debug|Any CPU
		{C46C2B71-EE10-4C66-8691-AB2392123C6D}.Debug|Any CPU.Build.0 = Debug|Any CPU
		{C46C2B71-EE10-4C66-8691-AB2392123C6D}.Debug|Mixed Platforms.ActiveCfg = Debug|Any CPU
		{C46C2B71-EE10-4C66-8691-AB2392123C6D}.Debug|Mixed Platforms.Build.0 = Debug|Any CPU
		{C46C2B71-EE10-4C66-8691-AB2392123C6D}.Debug|x86.ActiveCfg = Debug|Any CPU
		{C46C2B71-EE10-4C66-8691-AB2392123C6D}.Release|Any CPU.ActiveCfg = Release|Any CPU
		{C46C2B71-EE10-4C66-8691-AB2392123C6D}.Release|Any CPU.Build.0 = Release|Any CPU
		{C46C2B71-EE10-4C66-8691-AB2392123C6D}.Release|Mixed Platforms.ActiveCfg = Release|Any CPU
		{C46C2B71-EE10-4C66-8691-AB2392123C6D}.Release|Mixed Platforms.Build.0 = Release|Any CPU
		{C46C2B71-EE10-4C66-8691-AB2392123C6D}.Release|x86.ActiveCfg = Release|Any CPU
		{C46C2B71-EE10-4C66-8691-AB2392123C6D}.ReleaseNET35|Any CPU.ActiveCfg = Release|Any CPU
		{C46C2B71-EE10-4C66-8691-AB2392123C6D}.ReleaseNET35|Mixed Platforms.ActiveCfg = Release|Any CPU
		{C46C2B71-EE10-4C66-8691-AB2392123C6D}.ReleaseNET35|x86.ActiveCfg = Release|Any CPU
		{C46C2B71-EE10-4C66-8691-AB2392123C6D}.ReleaseSL4|Any CPU.ActiveCfg = Release|Any CPU
		{C46C2B71-EE10-4C66-8691-AB2392123C6D}.ReleaseSL4|Mixed Platforms.ActiveCfg = Release|Any CPU
		{C46C2B71-EE10-4C66-8691-AB2392123C6D}.ReleaseSL4|x86.ActiveCfg = Release|Any CPU
		{9D14B03B-9514-4DD8-9D4B-914A10D7EB59}.Debug|Any CPU.ActiveCfg = Debug|Any CPU
		{9D14B03B-9514-4DD8-9D4B-914A10D7EB59}.Debug|Any CPU.Build.0 = Debug|Any CPU
		{9D14B03B-9514-4DD8-9D4B-914A10D7EB59}.Debug|Mixed Platforms.ActiveCfg = Debug|Any CPU
		{9D14B03B-9514-4DD8-9D4B-914A10D7EB59}.Debug|Mixed Platforms.Build.0 = Debug|Any CPU
		{9D14B03B-9514-4DD8-9D4B-914A10D7EB59}.Debug|x86.ActiveCfg = Debug|Any CPU
		{9D14B03B-9514-4DD8-9D4B-914A10D7EB59}.Release|Any CPU.ActiveCfg = Release|Any CPU
		{9D14B03B-9514-4DD8-9D4B-914A10D7EB59}.Release|Any CPU.Build.0 = Release|Any CPU
		{9D14B03B-9514-4DD8-9D4B-914A10D7EB59}.Release|Mixed Platforms.ActiveCfg = Release|Any CPU
		{9D14B03B-9514-4DD8-9D4B-914A10D7EB59}.Release|Mixed Platforms.Build.0 = Release|Any CPU
		{9D14B03B-9514-4DD8-9D4B-914A10D7EB59}.Release|x86.ActiveCfg = Release|Any CPU
		{9D14B03B-9514-4DD8-9D4B-914A10D7EB59}.ReleaseNET35|Any CPU.ActiveCfg = ReleaseNET35|Any CPU
		{9D14B03B-9514-4DD8-9D4B-914A10D7EB59}.ReleaseNET35|Any CPU.Build.0 = ReleaseNET35|Any CPU
		{9D14B03B-9514-4DD8-9D4B-914A10D7EB59}.ReleaseNET35|Mixed Platforms.ActiveCfg = ReleaseNET35|Any CPU
		{9D14B03B-9514-4DD8-9D4B-914A10D7EB59}.ReleaseNET35|Mixed Platforms.Build.0 = ReleaseNET35|Any CPU
		{9D14B03B-9514-4DD8-9D4B-914A10D7EB59}.ReleaseNET35|x86.ActiveCfg = ReleaseNET35|Any CPU
		{9D14B03B-9514-4DD8-9D4B-914A10D7EB59}.ReleaseSL4|Any CPU.ActiveCfg = Release|Any CPU
		{9D14B03B-9514-4DD8-9D4B-914A10D7EB59}.ReleaseSL4|Mixed Platforms.ActiveCfg = Release|Any CPU
		{9D14B03B-9514-4DD8-9D4B-914A10D7EB59}.ReleaseSL4|x86.ActiveCfg = ReleaseNET35|Any CPU
		{9C328349-F7BD-49F1-B7A8-EA09AF135D2A}.Debug|Any CPU.ActiveCfg = Debug|Any CPU
		{9C328349-F7BD-49F1-B7A8-EA09AF135D2A}.Debug|Any CPU.Build.0 = Debug|Any CPU
		{9C328349-F7BD-49F1-B7A8-EA09AF135D2A}.Debug|Mixed Platforms.ActiveCfg = Debug|Any CPU
		{9C328349-F7BD-49F1-B7A8-EA09AF135D2A}.Debug|Mixed Platforms.Build.0 = Debug|Any CPU
		{9C328349-F7BD-49F1-B7A8-EA09AF135D2A}.Debug|x86.ActiveCfg = Debug|Any CPU
		{9C328349-F7BD-49F1-B7A8-EA09AF135D2A}.Release|Any CPU.ActiveCfg = Release|Any CPU
		{9C328349-F7BD-49F1-B7A8-EA09AF135D2A}.Release|Any CPU.Build.0 = Release|Any CPU
		{9C328349-F7BD-49F1-B7A8-EA09AF135D2A}.Release|Mixed Platforms.ActiveCfg = Release|Any CPU
		{9C328349-F7BD-49F1-B7A8-EA09AF135D2A}.Release|Mixed Platforms.Build.0 = Release|Any CPU
		{9C328349-F7BD-49F1-B7A8-EA09AF135D2A}.Release|x86.ActiveCfg = Release|Any CPU
		{9C328349-F7BD-49F1-B7A8-EA09AF135D2A}.ReleaseNET35|Any CPU.ActiveCfg = Release|Any CPU
		{9C328349-F7BD-49F1-B7A8-EA09AF135D2A}.ReleaseNET35|Mixed Platforms.ActiveCfg = Release|Any CPU
		{9C328349-F7BD-49F1-B7A8-EA09AF135D2A}.ReleaseNET35|x86.ActiveCfg = Release|Any CPU
		{9C328349-F7BD-49F1-B7A8-EA09AF135D2A}.ReleaseSL4|Any CPU.ActiveCfg = Release|Any CPU
		{9C328349-F7BD-49F1-B7A8-EA09AF135D2A}.ReleaseSL4|Mixed Platforms.ActiveCfg = Release|Any CPU
		{9C328349-F7BD-49F1-B7A8-EA09AF135D2A}.ReleaseSL4|x86.ActiveCfg = Release|Any CPU
	EndGlobalSection
	GlobalSection(SolutionProperties) = preSolution
		HideSolutionNode = FALSE
	EndGlobalSection
EndGlobal
