
Microsoft Visual Studio Solution File, Format Version 11.00
# Visual Studio 2010
Project("{FAE04EC0-301F-11D3-BF4B-00C04F79EFBC}") = "Bddify", "Bddify\Bddify.csproj", "{DA6BCB39-307C-4A8E-9A3A-27BB2DBC44A3}"
EndProject
Project("{FAE04EC0-301F-11D3-BF4B-00C04F79EFBC}") = "Bddify.Tests", "Bddify.Tests\Bddify.Tests.csproj", "{357B22FF-84E9-4AB4-AADF-6B9DBB76FB32}"
EndProject
Project("{2150E333-8FDC-42A3-9474-1A3956D46DE8}") = "Solution Items", "Solution Items", "{60D7F179-1DBE-4747-B7DB-996876C437CC}"
EndProject
Project("{2150E333-8FDC-42A3-9474-1A3956D46DE8}") = "Demos", "Demos", "{4CF56259-9C6F-4E3C-A5BB-CCD561500146}"
EndProject
Project("{FAE04EC0-301F-11D3-BF4B-00C04F79EFBC}") = "NUnit", "Demos\NUnit\NUnit.csproj", "{49BE28D4-937F-4EDE-93D4-134AE20AB23D}"
EndProject
Project("{FAE04EC0-301F-11D3-BF4B-00C04F79EFBC}") = "MsTest", "Demos\MsTest\MsTest.csproj", "{8697B730-2064-4F1B-9B46-F7782217C44A}"
EndProject
Project("{2150E333-8FDC-42A3-9474-1A3956D46DE8}") = "NuGet", "NuGet", "{1028A699-1730-496E-A7E5-F7EA149B7707}"
	ProjectSection(SolutionItems) = preProject
		NuGet\Bddify.0.1.nupkg = NuGet\Bddify.0.1.nupkg
		NuGet\Bddify.nuspec = NuGet\Bddify.nuspec
	EndProjectSection
EndProject
Project("{2150E333-8FDC-42A3-9474-1A3956D46DE8}") = "content", "content", "{D19C1DCE-6B35-4DF4-BAAE-777205FC4ACB}"
	ProjectSection(SolutionItems) = preProject
		NuGet\content\Bddify.cs.pp = NuGet\content\Bddify.cs.pp
		NuGet\content\SimpleTest.cs.pp = NuGet\content\SimpleTest.cs.pp
	EndProjectSection
EndProject
Project("{2150E333-8FDC-42A3-9474-1A3956D46DE8}") = "lib", "lib", "{C45056D9-0E10-4223-9701-3F519947915E}"
EndProject
Project("{2150E333-8FDC-42A3-9474-1A3956D46DE8}") = "tools", "tools", "{082E29A5-BC34-4231-9502-82E9875E4229}"
EndProject
Global
	GlobalSection(SolutionConfigurationPlatforms) = preSolution
		Debug|Any CPU = Debug|Any CPU
		Debug|Mixed Platforms = Debug|Mixed Platforms
		Debug|x86 = Debug|x86
		Release|Any CPU = Release|Any CPU
		Release|Mixed Platforms = Release|Mixed Platforms
		Release|x86 = Release|x86
	EndGlobalSection
	GlobalSection(ProjectConfigurationPlatforms) = postSolution
		{DA6BCB39-307C-4A8E-9A3A-27BB2DBC44A3}.Debug|Any CPU.ActiveCfg = Debug|Any CPU
		{DA6BCB39-307C-4A8E-9A3A-27BB2DBC44A3}.Debug|Any CPU.Build.0 = Debug|Any CPU
		{DA6BCB39-307C-4A8E-9A3A-27BB2DBC44A3}.Debug|Mixed Platforms.ActiveCfg = Debug|Any CPU
		{DA6BCB39-307C-4A8E-9A3A-27BB2DBC44A3}.Debug|Mixed Platforms.Build.0 = Debug|Any CPU
		{DA6BCB39-307C-4A8E-9A3A-27BB2DBC44A3}.Debug|x86.ActiveCfg = Debug|Any CPU
		{DA6BCB39-307C-4A8E-9A3A-27BB2DBC44A3}.Release|Any CPU.ActiveCfg = Release|Any CPU
		{DA6BCB39-307C-4A8E-9A3A-27BB2DBC44A3}.Release|Any CPU.Build.0 = Release|Any CPU
		{DA6BCB39-307C-4A8E-9A3A-27BB2DBC44A3}.Release|Mixed Platforms.ActiveCfg = Release|Any CPU
		{DA6BCB39-307C-4A8E-9A3A-27BB2DBC44A3}.Release|Mixed Platforms.Build.0 = Release|Any CPU
		{DA6BCB39-307C-4A8E-9A3A-27BB2DBC44A3}.Release|x86.ActiveCfg = Release|Any CPU
		{357B22FF-84E9-4AB4-AADF-6B9DBB76FB32}.Debug|Any CPU.ActiveCfg = Debug|Any CPU
		{357B22FF-84E9-4AB4-AADF-6B9DBB76FB32}.Debug|Any CPU.Build.0 = Debug|Any CPU
		{357B22FF-84E9-4AB4-AADF-6B9DBB76FB32}.Debug|Mixed Platforms.ActiveCfg = Debug|Any CPU
		{357B22FF-84E9-4AB4-AADF-6B9DBB76FB32}.Debug|Mixed Platforms.Build.0 = Debug|Any CPU
		{357B22FF-84E9-4AB4-AADF-6B9DBB76FB32}.Debug|x86.ActiveCfg = Debug|Any CPU
		{357B22FF-84E9-4AB4-AADF-6B9DBB76FB32}.Release|Any CPU.ActiveCfg = Release|Any CPU
		{357B22FF-84E9-4AB4-AADF-6B9DBB76FB32}.Release|Any CPU.Build.0 = Release|Any CPU
		{357B22FF-84E9-4AB4-AADF-6B9DBB76FB32}.Release|Mixed Platforms.ActiveCfg = Release|Any CPU
		{357B22FF-84E9-4AB4-AADF-6B9DBB76FB32}.Release|Mixed Platforms.Build.0 = Release|Any CPU
		{357B22FF-84E9-4AB4-AADF-6B9DBB76FB32}.Release|x86.ActiveCfg = Release|Any CPU
		{49BE28D4-937F-4EDE-93D4-134AE20AB23D}.Debug|Any CPU.ActiveCfg = Debug|Any CPU
		{49BE28D4-937F-4EDE-93D4-134AE20AB23D}.Debug|Any CPU.Build.0 = Debug|Any CPU
		{49BE28D4-937F-4EDE-93D4-134AE20AB23D}.Debug|Mixed Platforms.ActiveCfg = Debug|Any CPU
		{49BE28D4-937F-4EDE-93D4-134AE20AB23D}.Debug|Mixed Platforms.Build.0 = Debug|Any CPU
		{49BE28D4-937F-4EDE-93D4-134AE20AB23D}.Debug|x86.ActiveCfg = Debug|Any CPU
		{49BE28D4-937F-4EDE-93D4-134AE20AB23D}.Release|Any CPU.ActiveCfg = Release|Any CPU
		{49BE28D4-937F-4EDE-93D4-134AE20AB23D}.Release|Any CPU.Build.0 = Release|Any CPU
		{49BE28D4-937F-4EDE-93D4-134AE20AB23D}.Release|Mixed Platforms.ActiveCfg = Release|Any CPU
		{49BE28D4-937F-4EDE-93D4-134AE20AB23D}.Release|Mixed Platforms.Build.0 = Release|Any CPU
		{49BE28D4-937F-4EDE-93D4-134AE20AB23D}.Release|x86.ActiveCfg = Release|Any CPU
		{8697B730-2064-4F1B-9B46-F7782217C44A}.Debug|Any CPU.ActiveCfg = Debug|Any CPU
		{8697B730-2064-4F1B-9B46-F7782217C44A}.Debug|Any CPU.Build.0 = Debug|Any CPU
		{8697B730-2064-4F1B-9B46-F7782217C44A}.Debug|Mixed Platforms.ActiveCfg = Debug|Any CPU
		{8697B730-2064-4F1B-9B46-F7782217C44A}.Debug|Mixed Platforms.Build.0 = Debug|Any CPU
		{8697B730-2064-4F1B-9B46-F7782217C44A}.Debug|x86.ActiveCfg = Debug|Any CPU
		{8697B730-2064-4F1B-9B46-F7782217C44A}.Release|Any CPU.ActiveCfg = Release|Any CPU
		{8697B730-2064-4F1B-9B46-F7782217C44A}.Release|Any CPU.Build.0 = Release|Any CPU
		{8697B730-2064-4F1B-9B46-F7782217C44A}.Release|Mixed Platforms.ActiveCfg = Release|Any CPU
		{8697B730-2064-4F1B-9B46-F7782217C44A}.Release|Mixed Platforms.Build.0 = Release|Any CPU
		{8697B730-2064-4F1B-9B46-F7782217C44A}.Release|x86.ActiveCfg = Release|Any CPU
	EndGlobalSection
	GlobalSection(SolutionProperties) = preSolution
		HideSolutionNode = FALSE
	EndGlobalSection
	GlobalSection(NestedProjects) = preSolution
		{4CF56259-9C6F-4E3C-A5BB-CCD561500146} = {60D7F179-1DBE-4747-B7DB-996876C437CC}
		{1028A699-1730-496E-A7E5-F7EA149B7707} = {60D7F179-1DBE-4747-B7DB-996876C437CC}
		{49BE28D4-937F-4EDE-93D4-134AE20AB23D} = {4CF56259-9C6F-4E3C-A5BB-CCD561500146}
		{8697B730-2064-4F1B-9B46-F7782217C44A} = {4CF56259-9C6F-4E3C-A5BB-CCD561500146}
		{D19C1DCE-6B35-4DF4-BAAE-777205FC4ACB} = {1028A699-1730-496E-A7E5-F7EA149B7707}
		{C45056D9-0E10-4223-9701-3F519947915E} = {1028A699-1730-496E-A7E5-F7EA149B7707}
		{082E29A5-BC34-4231-9502-82E9875E4229} = {1028A699-1730-496E-A7E5-F7EA149B7707}
	EndGlobalSection
EndGlobal
