
Microsoft Visual Studio Solution File, Format Version 12.00
# Visual Studio 15
VisualStudioVersion = 15.0.26114.2
MinimumVisualStudioVersion = 10.0.40219.1
Project("{2150E333-8FDC-42A3-9474-1A3956D46DE8}") = "Solution Items", "Solution Items", "{8F515887-AAB5-4873-8BE9-5AB10685EBCB}"
	ProjectSection(SolutionItems) = preProject
		.gitattributes = .gitattributes
		.gitignore = .gitignore
		..\appveyor.yml = ..\appveyor.yml
		NuGet.config = NuGet.config
		readme.md = readme.md
		release-notes.md = release-notes.md
	EndProjectSection
EndProject
Project("{2150E333-8FDC-42A3-9474-1A3956D46DE8}") = "Samples", "Samples", "{AA78EE3D-14A7-47F0-85EF-4412F1514AE3}"
EndProject
Project("{FAE04EC0-301F-11D3-BF4B-00C04F79EFBC}") = "TestStack.BDDfy.Tests", "TestStack.BDDfy.Tests\TestStack.BDDfy.Tests.csproj", "{0D4A804C-C52D-4916-846B-D57B20322212}"
EndProject
Project("{FAE04EC0-301F-11D3-BF4B-00C04F79EFBC}") = "TestStack.BDDfy", "TestStack.BDDfy\TestStack.BDDfy.csproj", "{C1A46283-A5F2-4F93-9863-D731E5FC535B}"
EndProject
Project("{FAE04EC0-301F-11D3-BF4B-00C04F79EFBC}") = "TestStack.BDDfy.Samples", "Samples\TestStack.BDDfy.Samples\TestStack.BDDfy.Samples.csproj", "{267EA75C-EB57-4A15-80E7-9804A7B5F52B}"
EndProject
Global
	GlobalSection(SolutionConfigurationPlatforms) = preSolution
		Debug|Any CPU = Debug|Any CPU
		Release|Any CPU = Release|Any CPU
		Debug|x64 = Debug|x64
		Debug|x86 = Debug|x86
		Release|x64 = Release|x64
		Release|x86 = Release|x86
	EndGlobalSection
	GlobalSection(ProjectConfigurationPlatforms) = postSolution
		{0D4A804C-C52D-4916-846B-D57B20322212}.Debug|Any CPU.ActiveCfg = Debug|Any CPU
		{0D4A804C-C52D-4916-846B-D57B20322212}.Debug|Any CPU.Build.0 = Debug|Any CPU
		{0D4A804C-C52D-4916-846B-D57B20322212}.Debug|x64.ActiveCfg = Debug|x64
		{0D4A804C-C52D-4916-846B-D57B20322212}.Debug|x64.Build.0 = Debug|x64
		{0D4A804C-C52D-4916-846B-D57B20322212}.Debug|x86.ActiveCfg = Debug|x86
		{0D4A804C-C52D-4916-846B-D57B20322212}.Debug|x86.Build.0 = Debug|x86
		{0D4A804C-C52D-4916-846B-D57B20322212}.Release|Any CPU.ActiveCfg = Release|Any CPU
		{0D4A804C-C52D-4916-846B-D57B20322212}.Release|Any CPU.Build.0 = Release|Any CPU
		{0D4A804C-C52D-4916-846B-D57B20322212}.Release|x64.ActiveCfg = Release|x64
		{0D4A804C-C52D-4916-846B-D57B20322212}.Release|x64.Build.0 = Release|x64
		{0D4A804C-C52D-4916-846B-D57B20322212}.Release|x86.ActiveCfg = Release|x86
		{0D4A804C-C52D-4916-846B-D57B20322212}.Release|x86.Build.0 = Release|x86
		{C1A46283-A5F2-4F93-9863-D731E5FC535B}.Debug|Any CPU.ActiveCfg = Debug|Any CPU
		{C1A46283-A5F2-4F93-9863-D731E5FC535B}.Debug|Any CPU.Build.0 = Debug|Any CPU
		{C1A46283-A5F2-4F93-9863-D731E5FC535B}.Debug|x64.ActiveCfg = Debug|x64
		{C1A46283-A5F2-4F93-9863-D731E5FC535B}.Debug|x64.Build.0 = Debug|x64
		{C1A46283-A5F2-4F93-9863-D731E5FC535B}.Debug|x86.ActiveCfg = Debug|x86
		{C1A46283-A5F2-4F93-9863-D731E5FC535B}.Debug|x86.Build.0 = Debug|x86
		{C1A46283-A5F2-4F93-9863-D731E5FC535B}.Release|Any CPU.ActiveCfg = Release|Any CPU
		{C1A46283-A5F2-4F93-9863-D731E5FC535B}.Release|Any CPU.Build.0 = Release|Any CPU
		{C1A46283-A5F2-4F93-9863-D731E5FC535B}.Release|x64.ActiveCfg = Release|x64
		{C1A46283-A5F2-4F93-9863-D731E5FC535B}.Release|x64.Build.0 = Release|x64
		{C1A46283-A5F2-4F93-9863-D731E5FC535B}.Release|x86.ActiveCfg = Release|x86
		{C1A46283-A5F2-4F93-9863-D731E5FC535B}.Release|x86.Build.0 = Release|x86
		{267EA75C-EB57-4A15-80E7-9804A7B5F52B}.Debug|Any CPU.ActiveCfg = Debug|Any CPU
		{267EA75C-EB57-4A15-80E7-9804A7B5F52B}.Debug|Any CPU.Build.0 = Debug|Any CPU
		{267EA75C-EB57-4A15-80E7-9804A7B5F52B}.Debug|x64.ActiveCfg = Debug|x64
		{267EA75C-EB57-4A15-80E7-9804A7B5F52B}.Debug|x64.Build.0 = Debug|x64
		{267EA75C-EB57-4A15-80E7-9804A7B5F52B}.Debug|x86.ActiveCfg = Debug|x86
		{267EA75C-EB57-4A15-80E7-9804A7B5F52B}.Debug|x86.Build.0 = Debug|x86
		{267EA75C-EB57-4A15-80E7-9804A7B5F52B}.Release|Any CPU.ActiveCfg = Release|Any CPU
		{267EA75C-EB57-4A15-80E7-9804A7B5F52B}.Release|Any CPU.Build.0 = Release|Any CPU
		{267EA75C-EB57-4A15-80E7-9804A7B5F52B}.Release|x64.ActiveCfg = Release|x64
		{267EA75C-EB57-4A15-80E7-9804A7B5F52B}.Release|x64.Build.0 = Release|x64
		{267EA75C-EB57-4A15-80E7-9804A7B5F52B}.Release|x86.ActiveCfg = Release|x86
		{267EA75C-EB57-4A15-80E7-9804A7B5F52B}.Release|x86.Build.0 = Release|x86
	EndGlobalSection
	GlobalSection(SolutionProperties) = preSolution
		HideSolutionNode = FALSE
	EndGlobalSection
	GlobalSection(NestedProjects) = preSolution
		{267EA75C-EB57-4A15-80E7-9804A7B5F52B} = {AA78EE3D-14A7-47F0-85EF-4412F1514AE3}
	EndGlobalSection
EndGlobal
