
Microsoft Visual Studio Solution File, Format Version 12.00
# Visual Studio 14
VisualStudioVersion = 14.0.23107.0
MinimumVisualStudioVersion = 10.0.40219.1
Project("{2150E333-8FDC-42A3-9474-1A3956D46DE8}") = "Solution Items", "Solution Items", "{8F515887-AAB5-4873-8BE9-5AB10685EBCB}"
	ProjectSection(SolutionItems) = preProject
		.gitattributes = .gitattributes
		.gitignore = .gitignore
		..\appveyor.yml = ..\appveyor.yml
		readme.md = readme.md
		release-notes.md = release-notes.md
	EndProjectSection
EndProject
Project("{FAE04EC0-301F-11D3-BF4B-00C04F79EFBC}") = "TestStack.BDDfy", "TestStack.BDDfy\TestStack.BDDfy.csproj", "{DA6BCB39-307C-4A8E-9A3A-27BB2DBC44A3}"
EndProject
Project("{FAE04EC0-301F-11D3-BF4B-00C04F79EFBC}") = "TestStack.BDDfy.Tests", "TestStack.BDDfy.Tests\TestStack.BDDfy.Tests.csproj", "{357B22FF-84E9-4AB4-AADF-6B9DBB76FB32}"
EndProject
Project("{2150E333-8FDC-42A3-9474-1A3956D46DE8}") = "Samples", "Samples", "{2388D556-6292-49BA-B078-1A04377C17A2}"
EndProject
Project("{FAE04EC0-301F-11D3-BF4B-00C04F79EFBC}") = "TestStack.BDDfy.Samples", "Samples\TestStack.BDDfy.Samples\TestStack.BDDfy.Samples.csproj", "{9D14B03B-9514-4DD8-9D4B-914A10D7EB59}"
EndProject
Global
	GlobalSection(SolutionConfigurationPlatforms) = preSolution
		Debug|Any CPU = Debug|Any CPU
		Release|Any CPU = Release|Any CPU
		ReleaseNET35|Any CPU = ReleaseNET35|Any CPU
		ReleaseSL4|Any CPU = ReleaseSL4|Any CPU
	EndGlobalSection
	GlobalSection(ProjectConfigurationPlatforms) = postSolution
		{DA6BCB39-307C-4A8E-9A3A-27BB2DBC44A3}.Debug|Any CPU.ActiveCfg = Debug|Any CPU
		{DA6BCB39-307C-4A8E-9A3A-27BB2DBC44A3}.Debug|Any CPU.Build.0 = Debug|Any CPU
		{DA6BCB39-307C-4A8E-9A3A-27BB2DBC44A3}.Release|Any CPU.ActiveCfg = Release|Any CPU
		{DA6BCB39-307C-4A8E-9A3A-27BB2DBC44A3}.Release|Any CPU.Build.0 = Release|Any CPU
		{DA6BCB39-307C-4A8E-9A3A-27BB2DBC44A3}.ReleaseNET35|Any CPU.ActiveCfg = ReleaseNET35|Any CPU
		{DA6BCB39-307C-4A8E-9A3A-27BB2DBC44A3}.ReleaseNET35|Any CPU.Build.0 = ReleaseNET35|Any CPU
		{DA6BCB39-307C-4A8E-9A3A-27BB2DBC44A3}.ReleaseSL4|Any CPU.ActiveCfg = ReleaseSL4|Any CPU
		{DA6BCB39-307C-4A8E-9A3A-27BB2DBC44A3}.ReleaseSL4|Any CPU.Build.0 = ReleaseSL4|Any CPU
		{357B22FF-84E9-4AB4-AADF-6B9DBB76FB32}.Debug|Any CPU.ActiveCfg = Debug|Any CPU
		{357B22FF-84E9-4AB4-AADF-6B9DBB76FB32}.Debug|Any CPU.Build.0 = Debug|Any CPU
		{357B22FF-84E9-4AB4-AADF-6B9DBB76FB32}.Release|Any CPU.ActiveCfg = Release|Any CPU
		{357B22FF-84E9-4AB4-AADF-6B9DBB76FB32}.Release|Any CPU.Build.0 = Release|Any CPU
		{357B22FF-84E9-4AB4-AADF-6B9DBB76FB32}.ReleaseNET35|Any CPU.ActiveCfg = ReleaseNET35|Any CPU
		{357B22FF-84E9-4AB4-AADF-6B9DBB76FB32}.ReleaseNET35|Any CPU.Build.0 = ReleaseNET35|Any CPU
		{357B22FF-84E9-4AB4-AADF-6B9DBB76FB32}.ReleaseSL4|Any CPU.ActiveCfg = ReleaseNET35|Any CPU
		{357B22FF-84E9-4AB4-AADF-6B9DBB76FB32}.ReleaseSL4|Any CPU.Build.0 = ReleaseNET35|Any CPU
		{9D14B03B-9514-4DD8-9D4B-914A10D7EB59}.Debug|Any CPU.ActiveCfg = Debug|Any CPU
		{9D14B03B-9514-4DD8-9D4B-914A10D7EB59}.Debug|Any CPU.Build.0 = Debug|Any CPU
		{9D14B03B-9514-4DD8-9D4B-914A10D7EB59}.Release|Any CPU.ActiveCfg = Release|Any CPU
		{9D14B03B-9514-4DD8-9D4B-914A10D7EB59}.Release|Any CPU.Build.0 = Release|Any CPU
		{9D14B03B-9514-4DD8-9D4B-914A10D7EB59}.ReleaseNET35|Any CPU.ActiveCfg = ReleaseNET35|Any CPU
		{9D14B03B-9514-4DD8-9D4B-914A10D7EB59}.ReleaseNET35|Any CPU.Build.0 = ReleaseNET35|Any CPU
		{9D14B03B-9514-4DD8-9D4B-914A10D7EB59}.ReleaseSL4|Any CPU.ActiveCfg = ReleaseNET35|Any CPU
		{9D14B03B-9514-4DD8-9D4B-914A10D7EB59}.ReleaseSL4|Any CPU.Build.0 = ReleaseNET35|Any CPU
	EndGlobalSection
	GlobalSection(SolutionProperties) = preSolution
		HideSolutionNode = FALSE
	EndGlobalSection
	GlobalSection(NestedProjects) = preSolution
		{9D14B03B-9514-4DD8-9D4B-914A10D7EB59} = {2388D556-6292-49BA-B078-1A04377C17A2}
	EndGlobalSection
EndGlobal
